
Microsoft Visual Studio Solution File, Format Version 12.00
# Visual Studio 15
VisualStudioVersion = 15.0.26430.15
MinimumVisualStudioVersion = 10.0.40219.1
Project("{8BC9CEB8-8B4A-11D0-8D11-00A0C91BC942}") = "a-plus-b", "a-plus-b\a-plus-b.vcxproj", "{765222F5-350D-47C3-948D-D06D33FFA5B7}"
EndProject
Project("{8BC9CEB8-8B4A-11D0-8D11-00A0C91BC942}") = "calculation-of-cost-of-goods", "calculation-of-cost-of-goods\calculation-of-cost-of-goods.vcxproj", "{A14A7A92-60C8-4F3F-AED0-CAF58ABCA816}"
EndProject
Project("{8BC9CEB8-8B4A-11D0-8D11-00A0C91BC942}") = "division", "division\division.vcxproj", "{E165F46B-014A-469B-A1AD-1CEAB193AAE9}"
EndProject
Project("{8BC9CEB8-8B4A-11D0-8D11-00A0C91BC942}") = "equation", "equation\equation.vcxproj", "{31DEAF44-BD41-4F6E-8BC0-2E3A97A41D90}"
EndProject
Project("{8BC9CEB8-8B4A-11D0-8D11-00A0C91BC942}") = "even-numbers", "even-numbers\even-numbers.vcxproj", "{9B1F4F92-11F3-444E-BABA-85BF3690CF54}"
EndProject
Project("{8BC9CEB8-8B4A-11D0-8D11-00A0C91BC942}") = "min-string", "min-string\min-string.vcxproj", "{AEEFFC95-16FD-4FD7-A86A-BC68E00DDDCB}"
EndProject
Project("{8BC9CEB8-8B4A-11D0-8D11-00A0C91BC942}") = "the-second-occurrence", "the-second-occurrence\the-second-occurrence.vcxproj", "{CD24BF8A-F619-4AE7-9C62-3D520F664522}"
EndProject
Project("{8BC9CEB8-8B4A-11D0-8D11-00A0C91BC942}") = "the-greatest-common-divisor", "the-greatest-common-divisor\the-greatest-common-divisor.vcxproj", "{830A6455-C890-4D36-86BB-B477FB01D599}"
EndProject
Project("{8BC9CEB8-8B4A-11D0-8D11-00A0C91BC942}") = "binary-numbers", "binary-numbers\binary-numbers.vcxproj", "{A67F2E04-3D90-4BD1-AA47-E4B042968F83}"
EndProject
Project("{8BC9CEB8-8B4A-11D0-8D11-00A0C91BC942}") = "factorial", "factorial\factorial.vcxproj", "{B78AF165-CF71-4213-82CD-84CF82A52844}"
EndProject
Project("{8BC9CEB8-8B4A-11D0-8D11-00A0C91BC942}") = "palindrome", "palindrome\palindrome.vcxproj", "{CA9CB299-8FF4-47EF-B188-74C0B7FAA93C}"
EndProject
Project("{8BC9CEB8-8B4A-11D0-8D11-00A0C91BC942}") = "palindrome-filter", "palindrome-filter\palindrome-filter.vcxproj", "{E9CB2C5D-DE3C-438E-8877-2023BDDD1AFA}"
EndProject
Global
	GlobalSection(SolutionConfigurationPlatforms) = preSolution
		Debug|x64 = Debug|x64
		Debug|x86 = Debug|x86
		Release|x64 = Release|x64
		Release|x86 = Release|x86
	EndGlobalSection
	GlobalSection(ProjectConfigurationPlatforms) = postSolution
		{765222F5-350D-47C3-948D-D06D33FFA5B7}.Debug|x64.ActiveCfg = Debug|x64
		{765222F5-350D-47C3-948D-D06D33FFA5B7}.Debug|x64.Build.0 = Debug|x64
		{765222F5-350D-47C3-948D-D06D33FFA5B7}.Debug|x86.ActiveCfg = Debug|Win32
		{765222F5-350D-47C3-948D-D06D33FFA5B7}.Debug|x86.Build.0 = Debug|Win32
		{765222F5-350D-47C3-948D-D06D33FFA5B7}.Release|x64.ActiveCfg = Release|x64
		{765222F5-350D-47C3-948D-D06D33FFA5B7}.Release|x64.Build.0 = Release|x64
		{765222F5-350D-47C3-948D-D06D33FFA5B7}.Release|x86.ActiveCfg = Release|Win32
		{765222F5-350D-47C3-948D-D06D33FFA5B7}.Release|x86.Build.0 = Release|Win32
		{A14A7A92-60C8-4F3F-AED0-CAF58ABCA816}.Debug|x64.ActiveCfg = Debug|x64
		{A14A7A92-60C8-4F3F-AED0-CAF58ABCA816}.Debug|x64.Build.0 = Debug|x64
		{A14A7A92-60C8-4F3F-AED0-CAF58ABCA816}.Debug|x86.ActiveCfg = Debug|Win32
		{A14A7A92-60C8-4F3F-AED0-CAF58ABCA816}.Debug|x86.Build.0 = Debug|Win32
		{A14A7A92-60C8-4F3F-AED0-CAF58ABCA816}.Release|x64.ActiveCfg = Release|x64
		{A14A7A92-60C8-4F3F-AED0-CAF58ABCA816}.Release|x64.Build.0 = Release|x64
		{A14A7A92-60C8-4F3F-AED0-CAF58ABCA816}.Release|x86.ActiveCfg = Release|Win32
		{A14A7A92-60C8-4F3F-AED0-CAF58ABCA816}.Release|x86.Build.0 = Release|Win32
		{E165F46B-014A-469B-A1AD-1CEAB193AAE9}.Debug|x64.ActiveCfg = Debug|x64
		{E165F46B-014A-469B-A1AD-1CEAB193AAE9}.Debug|x64.Build.0 = Debug|x64
		{E165F46B-014A-469B-A1AD-1CEAB193AAE9}.Debug|x86.ActiveCfg = Debug|Win32
		{E165F46B-014A-469B-A1AD-1CEAB193AAE9}.Debug|x86.Build.0 = Debug|Win32
		{E165F46B-014A-469B-A1AD-1CEAB193AAE9}.Release|x64.ActiveCfg = Release|x64
		{E165F46B-014A-469B-A1AD-1CEAB193AAE9}.Release|x64.Build.0 = Release|x64
		{E165F46B-014A-469B-A1AD-1CEAB193AAE9}.Release|x86.ActiveCfg = Release|Win32
		{E165F46B-014A-469B-A1AD-1CEAB193AAE9}.Release|x86.Build.0 = Release|Win32
		{31DEAF44-BD41-4F6E-8BC0-2E3A97A41D90}.Debug|x64.ActiveCfg = Debug|x64
		{31DEAF44-BD41-4F6E-8BC0-2E3A97A41D90}.Debug|x64.Build.0 = Debug|x64
		{31DEAF44-BD41-4F6E-8BC0-2E3A97A41D90}.Debug|x86.ActiveCfg = Debug|Win32
		{31DEAF44-BD41-4F6E-8BC0-2E3A97A41D90}.Debug|x86.Build.0 = Debug|Win32
		{31DEAF44-BD41-4F6E-8BC0-2E3A97A41D90}.Release|x64.ActiveCfg = Release|x64
		{31DEAF44-BD41-4F6E-8BC0-2E3A97A41D90}.Release|x64.Build.0 = Release|x64
		{31DEAF44-BD41-4F6E-8BC0-2E3A97A41D90}.Release|x86.ActiveCfg = Release|Win32
		{31DEAF44-BD41-4F6E-8BC0-2E3A97A41D90}.Release|x86.Build.0 = Release|Win32
		{9B1F4F92-11F3-444E-BABA-85BF3690CF54}.Debug|x64.ActiveCfg = Debug|x64
		{9B1F4F92-11F3-444E-BABA-85BF3690CF54}.Debug|x64.Build.0 = Debug|x64
		{9B1F4F92-11F3-444E-BABA-85BF3690CF54}.Debug|x86.ActiveCfg = Debug|Win32
		{9B1F4F92-11F3-444E-BABA-85BF3690CF54}.Debug|x86.Build.0 = Debug|Win32
		{9B1F4F92-11F3-444E-BABA-85BF3690CF54}.Release|x64.ActiveCfg = Release|x64
		{9B1F4F92-11F3-444E-BABA-85BF3690CF54}.Release|x64.Build.0 = Release|x64
		{9B1F4F92-11F3-444E-BABA-85BF3690CF54}.Release|x86.ActiveCfg = Release|Win32
		{9B1F4F92-11F3-444E-BABA-85BF3690CF54}.Release|x86.Build.0 = Release|Win32
		{AEEFFC95-16FD-4FD7-A86A-BC68E00DDDCB}.Debug|x64.ActiveCfg = Debug|x64
		{AEEFFC95-16FD-4FD7-A86A-BC68E00DDDCB}.Debug|x64.Build.0 = Debug|x64
		{AEEFFC95-16FD-4FD7-A86A-BC68E00DDDCB}.Debug|x86.ActiveCfg = Debug|Win32
		{AEEFFC95-16FD-4FD7-A86A-BC68E00DDDCB}.Debug|x86.Build.0 = Debug|Win32
		{AEEFFC95-16FD-4FD7-A86A-BC68E00DDDCB}.Release|x64.ActiveCfg = Release|x64
		{AEEFFC95-16FD-4FD7-A86A-BC68E00DDDCB}.Release|x64.Build.0 = Release|x64
		{AEEFFC95-16FD-4FD7-A86A-BC68E00DDDCB}.Release|x86.ActiveCfg = Release|Win32
		{AEEFFC95-16FD-4FD7-A86A-BC68E00DDDCB}.Release|x86.Build.0 = Release|Win32
		{CD24BF8A-F619-4AE7-9C62-3D520F664522}.Debug|x64.ActiveCfg = Debug|x64
		{CD24BF8A-F619-4AE7-9C62-3D520F664522}.Debug|x64.Build.0 = Debug|x64
		{CD24BF8A-F619-4AE7-9C62-3D520F664522}.Debug|x86.ActiveCfg = Debug|Win32
		{CD24BF8A-F619-4AE7-9C62-3D520F664522}.Debug|x86.Build.0 = Debug|Win32
		{CD24BF8A-F619-4AE7-9C62-3D520F664522}.Release|x64.ActiveCfg = Release|x64
		{CD24BF8A-F619-4AE7-9C62-3D520F664522}.Release|x64.Build.0 = Release|x64
		{CD24BF8A-F619-4AE7-9C62-3D520F664522}.Release|x86.ActiveCfg = Release|Win32
		{CD24BF8A-F619-4AE7-9C62-3D520F664522}.Release|x86.Build.0 = Release|Win32
		{830A6455-C890-4D36-86BB-B477FB01D599}.Debug|x64.ActiveCfg = Debug|x64
		{830A6455-C890-4D36-86BB-B477FB01D599}.Debug|x64.Build.0 = Debug|x64
		{830A6455-C890-4D36-86BB-B477FB01D599}.Debug|x86.ActiveCfg = Debug|Win32
		{830A6455-C890-4D36-86BB-B477FB01D599}.Debug|x86.Build.0 = Debug|Win32
		{830A6455-C890-4D36-86BB-B477FB01D599}.Release|x64.ActiveCfg = Release|x64
		{830A6455-C890-4D36-86BB-B477FB01D599}.Release|x64.Build.0 = Release|x64
		{830A6455-C890-4D36-86BB-B477FB01D599}.Release|x86.ActiveCfg = Release|Win32
		{830A6455-C890-4D36-86BB-B477FB01D599}.Release|x86.Build.0 = Release|Win32
		{A67F2E04-3D90-4BD1-AA47-E4B042968F83}.Debug|x64.ActiveCfg = Debug|x64
		{A67F2E04-3D90-4BD1-AA47-E4B042968F83}.Debug|x64.Build.0 = Debug|x64
		{A67F2E04-3D90-4BD1-AA47-E4B042968F83}.Debug|x86.ActiveCfg = Debug|Win32
		{A67F2E04-3D90-4BD1-AA47-E4B042968F83}.Debug|x86.Build.0 = Debug|Win32
		{A67F2E04-3D90-4BD1-AA47-E4B042968F83}.Release|x64.ActiveCfg = Release|x64
		{A67F2E04-3D90-4BD1-AA47-E4B042968F83}.Release|x64.Build.0 = Release|x64
		{A67F2E04-3D90-4BD1-AA47-E4B042968F83}.Release|x86.ActiveCfg = Release|Win32
		{A67F2E04-3D90-4BD1-AA47-E4B042968F83}.Release|x86.Build.0 = Release|Win32
		{B78AF165-CF71-4213-82CD-84CF82A52844}.Debug|x64.ActiveCfg = Debug|x64
		{B78AF165-CF71-4213-82CD-84CF82A52844}.Debug|x64.Build.0 = Debug|x64
		{B78AF165-CF71-4213-82CD-84CF82A52844}.Debug|x86.ActiveCfg = Debug|Win32
		{B78AF165-CF71-4213-82CD-84CF82A52844}.Debug|x86.Build.0 = Debug|Win32
		{B78AF165-CF71-4213-82CD-84CF82A52844}.Release|x64.ActiveCfg = Release|x64
		{B78AF165-CF71-4213-82CD-84CF82A52844}.Release|x64.Build.0 = Release|x64
		{B78AF165-CF71-4213-82CD-84CF82A52844}.Release|x86.ActiveCfg = Release|Win32
		{B78AF165-CF71-4213-82CD-84CF82A52844}.Release|x86.Build.0 = Release|Win32
		{CA9CB299-8FF4-47EF-B188-74C0B7FAA93C}.Debug|x64.ActiveCfg = Debug|x64
		{CA9CB299-8FF4-47EF-B188-74C0B7FAA93C}.Debug|x64.Build.0 = Debug|x64
		{CA9CB299-8FF4-47EF-B188-74C0B7FAA93C}.Debug|x86.ActiveCfg = Debug|Win32
		{CA9CB299-8FF4-47EF-B188-74C0B7FAA93C}.Debug|x86.Build.0 = Debug|Win32
		{CA9CB299-8FF4-47EF-B188-74C0B7FAA93C}.Release|x64.ActiveCfg = Release|x64
		{CA9CB299-8FF4-47EF-B188-74C0B7FAA93C}.Release|x64.Build.0 = Release|x64
		{CA9CB299-8FF4-47EF-B188-74C0B7FAA93C}.Release|x86.ActiveCfg = Release|Win32
		{CA9CB299-8FF4-47EF-B188-74C0B7FAA93C}.Release|x86.Build.0 = Release|Win32
		{E9CB2C5D-DE3C-438E-8877-2023BDDD1AFA}.Debug|x64.ActiveCfg = Debug|x64
		{E9CB2C5D-DE3C-438E-8877-2023BDDD1AFA}.Debug|x64.Build.0 = Debug|x64
		{E9CB2C5D-DE3C-438E-8877-2023BDDD1AFA}.Debug|x86.ActiveCfg = Debug|Win32
		{E9CB2C5D-DE3C-438E-8877-2023BDDD1AFA}.Debug|x86.Build.0 = Debug|Win32
		{E9CB2C5D-DE3C-438E-8877-2023BDDD1AFA}.Release|x64.ActiveCfg = Release|x64
		{E9CB2C5D-DE3C-438E-8877-2023BDDD1AFA}.Release|x64.Build.0 = Release|x64
		{E9CB2C5D-DE3C-438E-8877-2023BDDD1AFA}.Release|x86.ActiveCfg = Release|Win32
		{E9CB2C5D-DE3C-438E-8877-2023BDDD1AFA}.Release|x86.Build.0 = Release|Win32
	EndGlobalSection
	GlobalSection(SolutionProperties) = preSolution
		HideSolutionNode = FALSE
	EndGlobalSection
EndGlobal
