
Microsoft Visual Studio Solution File, Format Version 12.00
# Visual Studio 15
VisualStudioVersion = 15.0.26730.10
MinimumVisualStudioVersion = 10.0.40219.1
Project("{8BC9CEB8-8B4A-11D0-8D11-00A0C91BC942}") = "a-plus-b", "a-plus-b\a-plus-b.vcxproj", "{765222F5-350D-47C3-948D-D06D33FFA5B7}"
EndProject
Project("{8BC9CEB8-8B4A-11D0-8D11-00A0C91BC942}") = "calculation-of-cost-of-goods", "calculation-of-cost-of-goods\calculation-of-cost-of-goods.vcxproj", "{A14A7A92-60C8-4F3F-AED0-CAF58ABCA816}"
EndProject
Project("{8BC9CEB8-8B4A-11D0-8D11-00A0C91BC942}") = "division", "division\division.vcxproj", "{E165F46B-014A-469B-A1AD-1CEAB193AAE9}"
EndProject
Project("{8BC9CEB8-8B4A-11D0-8D11-00A0C91BC942}") = "equation", "equation\equation.vcxproj", "{31DEAF44-BD41-4F6E-8BC0-2E3A97A41D90}"
EndProject
Project("{8BC9CEB8-8B4A-11D0-8D11-00A0C91BC942}") = "even-numbers", "even-numbers\even-numbers.vcxproj", "{9B1F4F92-11F3-444E-BABA-85BF3690CF54}"
EndProject
Project("{8BC9CEB8-8B4A-11D0-8D11-00A0C91BC942}") = "min-string", "min-string\min-string.vcxproj", "{AEEFFC95-16FD-4FD7-A86A-BC68E00DDDCB}"
EndProject
Project("{8BC9CEB8-8B4A-11D0-8D11-00A0C91BC942}") = "the-second-occurrence", "the-second-occurrence\the-second-occurrence.vcxproj", "{CD24BF8A-F619-4AE7-9C62-3D520F664522}"
EndProject
Project("{8BC9CEB8-8B4A-11D0-8D11-00A0C91BC942}") = "the-greatest-common-divisor", "the-greatest-common-divisor\the-greatest-common-divisor.vcxproj", "{830A6455-C890-4D36-86BB-B477FB01D599}"
EndProject
Project("{8BC9CEB8-8B4A-11D0-8D11-00A0C91BC942}") = "binary-numbers", "binary-numbers\binary-numbers.vcxproj", "{A67F2E04-3D90-4BD1-AA47-E4B042968F83}"
EndProject
Project("{8BC9CEB8-8B4A-11D0-8D11-00A0C91BC942}") = "factorial", "factorial\factorial.vcxproj", "{B78AF165-CF71-4213-82CD-84CF82A52844}"
EndProject
Project("{8BC9CEB8-8B4A-11D0-8D11-00A0C91BC942}") = "palindrome", "palindrome\palindrome.vcxproj", "{CA9CB299-8FF4-47EF-B188-74C0B7FAA93C}"
EndProject
Project("{8BC9CEB8-8B4A-11D0-8D11-00A0C91BC942}") = "palindrome-filter", "palindrome-filter\palindrome-filter.vcxproj", "{E9CB2C5D-DE3C-438E-8877-2023BDDD1AFA}"
EndProject
Project("{8BC9CEB8-8B4A-11D0-8D11-00A0C91BC942}") = "maximiser", "maximiser\maximiser.vcxproj", "{1433B162-4042-4712-A1F5-5B7179533969}"
EndProject
Project("{8BC9CEB8-8B4A-11D0-8D11-00A0C91BC942}") = "move-strings", "move-strings\move-strings.vcxproj", "{83A2B899-1CF7-4564-A1A7-DB9C1DE6535E}"
EndProject
Project("{8BC9CEB8-8B4A-11D0-8D11-00A0C91BC942}") = "reverse", "reverse\reverse.vcxproj", "{CA373398-D230-4637-B8BB-2F4B151EBA8D}"
EndProject
Project("{8BC9CEB8-8B4A-11D0-8D11-00A0C91BC942}") = "reverse2", "reverse2\reverse2.vcxproj", "{F47F4DF6-90FA-4580-BE2C-CBD8B5A0FFC0}"
EndProject
Project("{8BC9CEB8-8B4A-11D0-8D11-00A0C91BC942}") = "average-temperature", "average-temperature\average-temperature.vcxproj", "{01C2A1BD-68A4-4552-A673-1763466EFDEC}"
EndProject
Project("{8BC9CEB8-8B4A-11D0-8D11-00A0C91BC942}") = "queue", "queue\queue.vcxproj", "{F18A02F6-1536-4B89-90DD-DBE56A48B8A1}"
EndProject
Project("{8BC9CEB8-8B4A-11D0-8D11-00A0C91BC942}") = "monthly-tasks", "monthly-tasks\monthly-tasks.vcxproj", "{42A1A8A4-B056-4005-B01A-9D979D973245}"
EndProject
Project("{8BC9CEB8-8B4A-11D0-8D11-00A0C91BC942}") = "anagrams", "anagrams\anagrams.vcxproj", "{698C63E2-BA48-49BA-BC2E-666AEF475A77}"
EndProject
Project("{8BC9CEB8-8B4A-11D0-8D11-00A0C91BC942}") = "capitals-directory", "capitals-directory\capitals-directory.vcxproj", "{985F9AC0-CC9B-4A49-9E74-AEEE9010A910}"
EndProject
Project("{8BC9CEB8-8B4A-11D0-8D11-00A0C91BC942}") = "bus-stops", "bus-stops\bus-stops.vcxproj", "{03FC3EE0-ABCA-47FE-8DB0-2CDD2D4C74F5}"
EndProject
Project("{8BC9CEB8-8B4A-11D0-8D11-00A0C91BC942}") = "bus-stops-2", "bus-stops-2\bus-stops-2.vcxproj", "{69CB194E-4634-4DB8-85A1-8D4A5945ED68}"
EndProject
Project("{8BC9CEB8-8B4A-11D0-8D11-00A0C91BC942}") = "unique", "unique\unique.vcxproj", "{D0BEA468-32CA-416D-9925-6D54526F85CA}"
EndProject
Project("{8BC9CEB8-8B4A-11D0-8D11-00A0C91BC942}") = "map-values", "map-values\map-values.vcxproj", "{5A1F5947-2807-4619-BAB0-F814159C0B65}"
EndProject
Project("{8BC9CEB8-8B4A-11D0-8D11-00A0C91BC942}") = "synonyms", "synonyms\synonyms.vcxproj", "{F015E7CB-A660-40D0-B791-FB3B6B312689}"
EndProject
Project("{8BC9CEB8-8B4A-11D0-8D11-00A0C91BC942}") = "bus-stops-3", "bus-stops-3\bus-stops-3.vcxproj", "{4DFA5D25-DF6D-435A-96A9-377A4E6EC729}"
EndProject
Project("{8BC9CEB8-8B4A-11D0-8D11-00A0C91BC942}") = "sort-modulo", "sort-modulo\sort-modulo.vcxproj", "{394621A1-469F-4E3D-8120-12288506ED49}"
EndProject
Project("{8BC9CEB8-8B4A-11D0-8D11-00A0C91BC942}") = "sort-case-insensitive", "sort-case-insensitive\sort-case-insensitive.vcxproj", "{14F6E55F-8157-4406-87FA-33C9A7A53B1A}"
EndProject
Project("{8BC9CEB8-8B4A-11D0-8D11-00A0C91BC942}") = "sorted-strings", "sorted-strings\sorted-strings.vcxproj", "{FC0BDC33-2586-4632-AC1B-E8C3179CCB4E}"
EndProject
Project("{8BC9CEB8-8B4A-11D0-8D11-00A0C91BC942}") = "names", "names\names.vcxproj", "{430ED8D7-1188-4829-B07F-FA7985E7A940}"
EndProject
Project("{8BC9CEB8-8B4A-11D0-8D11-00A0C91BC942}") = "reversible-string", "reversible-string\reversible-string.vcxproj", "{AAD8F1EB-BE59-48E7-8E19-7CDA97E6586B}"
EndProject
Global
	GlobalSection(SolutionConfigurationPlatforms) = preSolution
		Debug|x64 = Debug|x64
		Debug|x86 = Debug|x86
		Release|x64 = Release|x64
		Release|x86 = Release|x86
	EndGlobalSection
	GlobalSection(ProjectConfigurationPlatforms) = postSolution
		{765222F5-350D-47C3-948D-D06D33FFA5B7}.Debug|x64.ActiveCfg = Debug|x64
		{765222F5-350D-47C3-948D-D06D33FFA5B7}.Debug|x64.Build.0 = Debug|x64
		{765222F5-350D-47C3-948D-D06D33FFA5B7}.Debug|x86.ActiveCfg = Debug|Win32
		{765222F5-350D-47C3-948D-D06D33FFA5B7}.Debug|x86.Build.0 = Debug|Win32
		{765222F5-350D-47C3-948D-D06D33FFA5B7}.Release|x64.ActiveCfg = Release|x64
		{765222F5-350D-47C3-948D-D06D33FFA5B7}.Release|x64.Build.0 = Release|x64
		{765222F5-350D-47C3-948D-D06D33FFA5B7}.Release|x86.ActiveCfg = Release|Win32
		{765222F5-350D-47C3-948D-D06D33FFA5B7}.Release|x86.Build.0 = Release|Win32
		{A14A7A92-60C8-4F3F-AED0-CAF58ABCA816}.Debug|x64.ActiveCfg = Debug|x64
		{A14A7A92-60C8-4F3F-AED0-CAF58ABCA816}.Debug|x64.Build.0 = Debug|x64
		{A14A7A92-60C8-4F3F-AED0-CAF58ABCA816}.Debug|x86.ActiveCfg = Debug|Win32
		{A14A7A92-60C8-4F3F-AED0-CAF58ABCA816}.Debug|x86.Build.0 = Debug|Win32
		{A14A7A92-60C8-4F3F-AED0-CAF58ABCA816}.Release|x64.ActiveCfg = Release|x64
		{A14A7A92-60C8-4F3F-AED0-CAF58ABCA816}.Release|x64.Build.0 = Release|x64
		{A14A7A92-60C8-4F3F-AED0-CAF58ABCA816}.Release|x86.ActiveCfg = Release|Win32
		{A14A7A92-60C8-4F3F-AED0-CAF58ABCA816}.Release|x86.Build.0 = Release|Win32
		{E165F46B-014A-469B-A1AD-1CEAB193AAE9}.Debug|x64.ActiveCfg = Debug|x64
		{E165F46B-014A-469B-A1AD-1CEAB193AAE9}.Debug|x64.Build.0 = Debug|x64
		{E165F46B-014A-469B-A1AD-1CEAB193AAE9}.Debug|x86.ActiveCfg = Debug|Win32
		{E165F46B-014A-469B-A1AD-1CEAB193AAE9}.Debug|x86.Build.0 = Debug|Win32
		{E165F46B-014A-469B-A1AD-1CEAB193AAE9}.Release|x64.ActiveCfg = Release|x64
		{E165F46B-014A-469B-A1AD-1CEAB193AAE9}.Release|x64.Build.0 = Release|x64
		{E165F46B-014A-469B-A1AD-1CEAB193AAE9}.Release|x86.ActiveCfg = Release|Win32
		{E165F46B-014A-469B-A1AD-1CEAB193AAE9}.Release|x86.Build.0 = Release|Win32
		{31DEAF44-BD41-4F6E-8BC0-2E3A97A41D90}.Debug|x64.ActiveCfg = Debug|x64
		{31DEAF44-BD41-4F6E-8BC0-2E3A97A41D90}.Debug|x64.Build.0 = Debug|x64
		{31DEAF44-BD41-4F6E-8BC0-2E3A97A41D90}.Debug|x86.ActiveCfg = Debug|Win32
		{31DEAF44-BD41-4F6E-8BC0-2E3A97A41D90}.Debug|x86.Build.0 = Debug|Win32
		{31DEAF44-BD41-4F6E-8BC0-2E3A97A41D90}.Release|x64.ActiveCfg = Release|x64
		{31DEAF44-BD41-4F6E-8BC0-2E3A97A41D90}.Release|x64.Build.0 = Release|x64
		{31DEAF44-BD41-4F6E-8BC0-2E3A97A41D90}.Release|x86.ActiveCfg = Release|Win32
		{31DEAF44-BD41-4F6E-8BC0-2E3A97A41D90}.Release|x86.Build.0 = Release|Win32
		{9B1F4F92-11F3-444E-BABA-85BF3690CF54}.Debug|x64.ActiveCfg = Debug|x64
		{9B1F4F92-11F3-444E-BABA-85BF3690CF54}.Debug|x64.Build.0 = Debug|x64
		{9B1F4F92-11F3-444E-BABA-85BF3690CF54}.Debug|x86.ActiveCfg = Debug|Win32
		{9B1F4F92-11F3-444E-BABA-85BF3690CF54}.Debug|x86.Build.0 = Debug|Win32
		{9B1F4F92-11F3-444E-BABA-85BF3690CF54}.Release|x64.ActiveCfg = Release|x64
		{9B1F4F92-11F3-444E-BABA-85BF3690CF54}.Release|x64.Build.0 = Release|x64
		{9B1F4F92-11F3-444E-BABA-85BF3690CF54}.Release|x86.ActiveCfg = Release|Win32
		{9B1F4F92-11F3-444E-BABA-85BF3690CF54}.Release|x86.Build.0 = Release|Win32
		{AEEFFC95-16FD-4FD7-A86A-BC68E00DDDCB}.Debug|x64.ActiveCfg = Debug|x64
		{AEEFFC95-16FD-4FD7-A86A-BC68E00DDDCB}.Debug|x64.Build.0 = Debug|x64
		{AEEFFC95-16FD-4FD7-A86A-BC68E00DDDCB}.Debug|x86.ActiveCfg = Debug|Win32
		{AEEFFC95-16FD-4FD7-A86A-BC68E00DDDCB}.Debug|x86.Build.0 = Debug|Win32
		{AEEFFC95-16FD-4FD7-A86A-BC68E00DDDCB}.Release|x64.ActiveCfg = Release|x64
		{AEEFFC95-16FD-4FD7-A86A-BC68E00DDDCB}.Release|x64.Build.0 = Release|x64
		{AEEFFC95-16FD-4FD7-A86A-BC68E00DDDCB}.Release|x86.ActiveCfg = Release|Win32
		{AEEFFC95-16FD-4FD7-A86A-BC68E00DDDCB}.Release|x86.Build.0 = Release|Win32
		{CD24BF8A-F619-4AE7-9C62-3D520F664522}.Debug|x64.ActiveCfg = Debug|x64
		{CD24BF8A-F619-4AE7-9C62-3D520F664522}.Debug|x64.Build.0 = Debug|x64
		{CD24BF8A-F619-4AE7-9C62-3D520F664522}.Debug|x86.ActiveCfg = Debug|Win32
		{CD24BF8A-F619-4AE7-9C62-3D520F664522}.Debug|x86.Build.0 = Debug|Win32
		{CD24BF8A-F619-4AE7-9C62-3D520F664522}.Release|x64.ActiveCfg = Release|x64
		{CD24BF8A-F619-4AE7-9C62-3D520F664522}.Release|x64.Build.0 = Release|x64
		{CD24BF8A-F619-4AE7-9C62-3D520F664522}.Release|x86.ActiveCfg = Release|Win32
		{CD24BF8A-F619-4AE7-9C62-3D520F664522}.Release|x86.Build.0 = Release|Win32
		{830A6455-C890-4D36-86BB-B477FB01D599}.Debug|x64.ActiveCfg = Debug|x64
		{830A6455-C890-4D36-86BB-B477FB01D599}.Debug|x64.Build.0 = Debug|x64
		{830A6455-C890-4D36-86BB-B477FB01D599}.Debug|x86.ActiveCfg = Debug|Win32
		{830A6455-C890-4D36-86BB-B477FB01D599}.Debug|x86.Build.0 = Debug|Win32
		{830A6455-C890-4D36-86BB-B477FB01D599}.Release|x64.ActiveCfg = Release|x64
		{830A6455-C890-4D36-86BB-B477FB01D599}.Release|x64.Build.0 = Release|x64
		{830A6455-C890-4D36-86BB-B477FB01D599}.Release|x86.ActiveCfg = Release|Win32
		{830A6455-C890-4D36-86BB-B477FB01D599}.Release|x86.Build.0 = Release|Win32
		{A67F2E04-3D90-4BD1-AA47-E4B042968F83}.Debug|x64.ActiveCfg = Debug|x64
		{A67F2E04-3D90-4BD1-AA47-E4B042968F83}.Debug|x64.Build.0 = Debug|x64
		{A67F2E04-3D90-4BD1-AA47-E4B042968F83}.Debug|x86.ActiveCfg = Debug|Win32
		{A67F2E04-3D90-4BD1-AA47-E4B042968F83}.Debug|x86.Build.0 = Debug|Win32
		{A67F2E04-3D90-4BD1-AA47-E4B042968F83}.Release|x64.ActiveCfg = Release|x64
		{A67F2E04-3D90-4BD1-AA47-E4B042968F83}.Release|x64.Build.0 = Release|x64
		{A67F2E04-3D90-4BD1-AA47-E4B042968F83}.Release|x86.ActiveCfg = Release|Win32
		{A67F2E04-3D90-4BD1-AA47-E4B042968F83}.Release|x86.Build.0 = Release|Win32
		{B78AF165-CF71-4213-82CD-84CF82A52844}.Debug|x64.ActiveCfg = Debug|x64
		{B78AF165-CF71-4213-82CD-84CF82A52844}.Debug|x64.Build.0 = Debug|x64
		{B78AF165-CF71-4213-82CD-84CF82A52844}.Debug|x86.ActiveCfg = Debug|Win32
		{B78AF165-CF71-4213-82CD-84CF82A52844}.Debug|x86.Build.0 = Debug|Win32
		{B78AF165-CF71-4213-82CD-84CF82A52844}.Release|x64.ActiveCfg = Release|x64
		{B78AF165-CF71-4213-82CD-84CF82A52844}.Release|x64.Build.0 = Release|x64
		{B78AF165-CF71-4213-82CD-84CF82A52844}.Release|x86.ActiveCfg = Release|Win32
		{B78AF165-CF71-4213-82CD-84CF82A52844}.Release|x86.Build.0 = Release|Win32
		{CA9CB299-8FF4-47EF-B188-74C0B7FAA93C}.Debug|x64.ActiveCfg = Debug|x64
		{CA9CB299-8FF4-47EF-B188-74C0B7FAA93C}.Debug|x64.Build.0 = Debug|x64
		{CA9CB299-8FF4-47EF-B188-74C0B7FAA93C}.Debug|x86.ActiveCfg = Debug|Win32
		{CA9CB299-8FF4-47EF-B188-74C0B7FAA93C}.Debug|x86.Build.0 = Debug|Win32
		{CA9CB299-8FF4-47EF-B188-74C0B7FAA93C}.Release|x64.ActiveCfg = Release|x64
		{CA9CB299-8FF4-47EF-B188-74C0B7FAA93C}.Release|x64.Build.0 = Release|x64
		{CA9CB299-8FF4-47EF-B188-74C0B7FAA93C}.Release|x86.ActiveCfg = Release|Win32
		{CA9CB299-8FF4-47EF-B188-74C0B7FAA93C}.Release|x86.Build.0 = Release|Win32
		{E9CB2C5D-DE3C-438E-8877-2023BDDD1AFA}.Debug|x64.ActiveCfg = Debug|x64
		{E9CB2C5D-DE3C-438E-8877-2023BDDD1AFA}.Debug|x64.Build.0 = Debug|x64
		{E9CB2C5D-DE3C-438E-8877-2023BDDD1AFA}.Debug|x86.ActiveCfg = Debug|Win32
		{E9CB2C5D-DE3C-438E-8877-2023BDDD1AFA}.Debug|x86.Build.0 = Debug|Win32
		{E9CB2C5D-DE3C-438E-8877-2023BDDD1AFA}.Release|x64.ActiveCfg = Release|x64
		{E9CB2C5D-DE3C-438E-8877-2023BDDD1AFA}.Release|x64.Build.0 = Release|x64
		{E9CB2C5D-DE3C-438E-8877-2023BDDD1AFA}.Release|x86.ActiveCfg = Release|Win32
		{E9CB2C5D-DE3C-438E-8877-2023BDDD1AFA}.Release|x86.Build.0 = Release|Win32
		{1433B162-4042-4712-A1F5-5B7179533969}.Debug|x64.ActiveCfg = Debug|x64
		{1433B162-4042-4712-A1F5-5B7179533969}.Debug|x64.Build.0 = Debug|x64
		{1433B162-4042-4712-A1F5-5B7179533969}.Debug|x86.ActiveCfg = Debug|Win32
		{1433B162-4042-4712-A1F5-5B7179533969}.Debug|x86.Build.0 = Debug|Win32
		{1433B162-4042-4712-A1F5-5B7179533969}.Release|x64.ActiveCfg = Release|x64
		{1433B162-4042-4712-A1F5-5B7179533969}.Release|x64.Build.0 = Release|x64
		{1433B162-4042-4712-A1F5-5B7179533969}.Release|x86.ActiveCfg = Release|Win32
		{1433B162-4042-4712-A1F5-5B7179533969}.Release|x86.Build.0 = Release|Win32
		{83A2B899-1CF7-4564-A1A7-DB9C1DE6535E}.Debug|x64.ActiveCfg = Debug|x64
		{83A2B899-1CF7-4564-A1A7-DB9C1DE6535E}.Debug|x64.Build.0 = Debug|x64
		{83A2B899-1CF7-4564-A1A7-DB9C1DE6535E}.Debug|x86.ActiveCfg = Debug|Win32
		{83A2B899-1CF7-4564-A1A7-DB9C1DE6535E}.Debug|x86.Build.0 = Debug|Win32
		{83A2B899-1CF7-4564-A1A7-DB9C1DE6535E}.Release|x64.ActiveCfg = Release|x64
		{83A2B899-1CF7-4564-A1A7-DB9C1DE6535E}.Release|x64.Build.0 = Release|x64
		{83A2B899-1CF7-4564-A1A7-DB9C1DE6535E}.Release|x86.ActiveCfg = Release|Win32
		{83A2B899-1CF7-4564-A1A7-DB9C1DE6535E}.Release|x86.Build.0 = Release|Win32
		{CA373398-D230-4637-B8BB-2F4B151EBA8D}.Debug|x64.ActiveCfg = Debug|x64
		{CA373398-D230-4637-B8BB-2F4B151EBA8D}.Debug|x64.Build.0 = Debug|x64
		{CA373398-D230-4637-B8BB-2F4B151EBA8D}.Debug|x86.ActiveCfg = Debug|Win32
		{CA373398-D230-4637-B8BB-2F4B151EBA8D}.Debug|x86.Build.0 = Debug|Win32
		{CA373398-D230-4637-B8BB-2F4B151EBA8D}.Release|x64.ActiveCfg = Release|x64
		{CA373398-D230-4637-B8BB-2F4B151EBA8D}.Release|x64.Build.0 = Release|x64
		{CA373398-D230-4637-B8BB-2F4B151EBA8D}.Release|x86.ActiveCfg = Release|Win32
		{CA373398-D230-4637-B8BB-2F4B151EBA8D}.Release|x86.Build.0 = Release|Win32
		{F47F4DF6-90FA-4580-BE2C-CBD8B5A0FFC0}.Debug|x64.ActiveCfg = Debug|x64
		{F47F4DF6-90FA-4580-BE2C-CBD8B5A0FFC0}.Debug|x64.Build.0 = Debug|x64
		{F47F4DF6-90FA-4580-BE2C-CBD8B5A0FFC0}.Debug|x86.ActiveCfg = Debug|Win32
		{F47F4DF6-90FA-4580-BE2C-CBD8B5A0FFC0}.Debug|x86.Build.0 = Debug|Win32
		{F47F4DF6-90FA-4580-BE2C-CBD8B5A0FFC0}.Release|x64.ActiveCfg = Release|x64
		{F47F4DF6-90FA-4580-BE2C-CBD8B5A0FFC0}.Release|x64.Build.0 = Release|x64
		{F47F4DF6-90FA-4580-BE2C-CBD8B5A0FFC0}.Release|x86.ActiveCfg = Release|Win32
		{F47F4DF6-90FA-4580-BE2C-CBD8B5A0FFC0}.Release|x86.Build.0 = Release|Win32
		{01C2A1BD-68A4-4552-A673-1763466EFDEC}.Debug|x64.ActiveCfg = Debug|x64
		{01C2A1BD-68A4-4552-A673-1763466EFDEC}.Debug|x64.Build.0 = Debug|x64
		{01C2A1BD-68A4-4552-A673-1763466EFDEC}.Debug|x86.ActiveCfg = Debug|Win32
		{01C2A1BD-68A4-4552-A673-1763466EFDEC}.Debug|x86.Build.0 = Debug|Win32
		{01C2A1BD-68A4-4552-A673-1763466EFDEC}.Release|x64.ActiveCfg = Release|x64
		{01C2A1BD-68A4-4552-A673-1763466EFDEC}.Release|x64.Build.0 = Release|x64
		{01C2A1BD-68A4-4552-A673-1763466EFDEC}.Release|x86.ActiveCfg = Release|Win32
		{01C2A1BD-68A4-4552-A673-1763466EFDEC}.Release|x86.Build.0 = Release|Win32
		{F18A02F6-1536-4B89-90DD-DBE56A48B8A1}.Debug|x64.ActiveCfg = Debug|x64
		{F18A02F6-1536-4B89-90DD-DBE56A48B8A1}.Debug|x64.Build.0 = Debug|x64
		{F18A02F6-1536-4B89-90DD-DBE56A48B8A1}.Debug|x86.ActiveCfg = Debug|Win32
		{F18A02F6-1536-4B89-90DD-DBE56A48B8A1}.Debug|x86.Build.0 = Debug|Win32
		{F18A02F6-1536-4B89-90DD-DBE56A48B8A1}.Release|x64.ActiveCfg = Release|x64
		{F18A02F6-1536-4B89-90DD-DBE56A48B8A1}.Release|x64.Build.0 = Release|x64
		{F18A02F6-1536-4B89-90DD-DBE56A48B8A1}.Release|x86.ActiveCfg = Release|Win32
		{F18A02F6-1536-4B89-90DD-DBE56A48B8A1}.Release|x86.Build.0 = Release|Win32
		{42A1A8A4-B056-4005-B01A-9D979D973245}.Debug|x64.ActiveCfg = Debug|x64
		{42A1A8A4-B056-4005-B01A-9D979D973245}.Debug|x64.Build.0 = Debug|x64
		{42A1A8A4-B056-4005-B01A-9D979D973245}.Debug|x86.ActiveCfg = Debug|Win32
		{42A1A8A4-B056-4005-B01A-9D979D973245}.Debug|x86.Build.0 = Debug|Win32
		{42A1A8A4-B056-4005-B01A-9D979D973245}.Release|x64.ActiveCfg = Release|x64
		{42A1A8A4-B056-4005-B01A-9D979D973245}.Release|x64.Build.0 = Release|x64
		{42A1A8A4-B056-4005-B01A-9D979D973245}.Release|x86.ActiveCfg = Release|Win32
		{42A1A8A4-B056-4005-B01A-9D979D973245}.Release|x86.Build.0 = Release|Win32
		{698C63E2-BA48-49BA-BC2E-666AEF475A77}.Debug|x64.ActiveCfg = Debug|x64
		{698C63E2-BA48-49BA-BC2E-666AEF475A77}.Debug|x64.Build.0 = Debug|x64
		{698C63E2-BA48-49BA-BC2E-666AEF475A77}.Debug|x86.ActiveCfg = Debug|Win32
		{698C63E2-BA48-49BA-BC2E-666AEF475A77}.Debug|x86.Build.0 = Debug|Win32
		{698C63E2-BA48-49BA-BC2E-666AEF475A77}.Release|x64.ActiveCfg = Release|x64
		{698C63E2-BA48-49BA-BC2E-666AEF475A77}.Release|x64.Build.0 = Release|x64
		{698C63E2-BA48-49BA-BC2E-666AEF475A77}.Release|x86.ActiveCfg = Release|Win32
		{698C63E2-BA48-49BA-BC2E-666AEF475A77}.Release|x86.Build.0 = Release|Win32
		{985F9AC0-CC9B-4A49-9E74-AEEE9010A910}.Debug|x64.ActiveCfg = Debug|x64
		{985F9AC0-CC9B-4A49-9E74-AEEE9010A910}.Debug|x64.Build.0 = Debug|x64
		{985F9AC0-CC9B-4A49-9E74-AEEE9010A910}.Debug|x86.ActiveCfg = Debug|Win32
		{985F9AC0-CC9B-4A49-9E74-AEEE9010A910}.Debug|x86.Build.0 = Debug|Win32
		{985F9AC0-CC9B-4A49-9E74-AEEE9010A910}.Release|x64.ActiveCfg = Release|x64
		{985F9AC0-CC9B-4A49-9E74-AEEE9010A910}.Release|x64.Build.0 = Release|x64
		{985F9AC0-CC9B-4A49-9E74-AEEE9010A910}.Release|x86.ActiveCfg = Release|Win32
		{985F9AC0-CC9B-4A49-9E74-AEEE9010A910}.Release|x86.Build.0 = Release|Win32
		{03FC3EE0-ABCA-47FE-8DB0-2CDD2D4C74F5}.Debug|x64.ActiveCfg = Debug|x64
		{03FC3EE0-ABCA-47FE-8DB0-2CDD2D4C74F5}.Debug|x64.Build.0 = Debug|x64
		{03FC3EE0-ABCA-47FE-8DB0-2CDD2D4C74F5}.Debug|x86.ActiveCfg = Debug|Win32
		{03FC3EE0-ABCA-47FE-8DB0-2CDD2D4C74F5}.Debug|x86.Build.0 = Debug|Win32
		{03FC3EE0-ABCA-47FE-8DB0-2CDD2D4C74F5}.Release|x64.ActiveCfg = Release|x64
		{03FC3EE0-ABCA-47FE-8DB0-2CDD2D4C74F5}.Release|x64.Build.0 = Release|x64
		{03FC3EE0-ABCA-47FE-8DB0-2CDD2D4C74F5}.Release|x86.ActiveCfg = Release|Win32
		{03FC3EE0-ABCA-47FE-8DB0-2CDD2D4C74F5}.Release|x86.Build.0 = Release|Win32
		{69CB194E-4634-4DB8-85A1-8D4A5945ED68}.Debug|x64.ActiveCfg = Debug|x64
		{69CB194E-4634-4DB8-85A1-8D4A5945ED68}.Debug|x64.Build.0 = Debug|x64
		{69CB194E-4634-4DB8-85A1-8D4A5945ED68}.Debug|x86.ActiveCfg = Debug|Win32
		{69CB194E-4634-4DB8-85A1-8D4A5945ED68}.Debug|x86.Build.0 = Debug|Win32
		{69CB194E-4634-4DB8-85A1-8D4A5945ED68}.Release|x64.ActiveCfg = Release|x64
		{69CB194E-4634-4DB8-85A1-8D4A5945ED68}.Release|x64.Build.0 = Release|x64
		{69CB194E-4634-4DB8-85A1-8D4A5945ED68}.Release|x86.ActiveCfg = Release|Win32
		{69CB194E-4634-4DB8-85A1-8D4A5945ED68}.Release|x86.Build.0 = Release|Win32
		{D0BEA468-32CA-416D-9925-6D54526F85CA}.Debug|x64.ActiveCfg = Debug|x64
		{D0BEA468-32CA-416D-9925-6D54526F85CA}.Debug|x64.Build.0 = Debug|x64
		{D0BEA468-32CA-416D-9925-6D54526F85CA}.Debug|x86.ActiveCfg = Debug|Win32
		{D0BEA468-32CA-416D-9925-6D54526F85CA}.Debug|x86.Build.0 = Debug|Win32
		{D0BEA468-32CA-416D-9925-6D54526F85CA}.Release|x64.ActiveCfg = Release|x64
		{D0BEA468-32CA-416D-9925-6D54526F85CA}.Release|x64.Build.0 = Release|x64
		{D0BEA468-32CA-416D-9925-6D54526F85CA}.Release|x86.ActiveCfg = Release|Win32
		{D0BEA468-32CA-416D-9925-6D54526F85CA}.Release|x86.Build.0 = Release|Win32
		{5A1F5947-2807-4619-BAB0-F814159C0B65}.Debug|x64.ActiveCfg = Debug|x64
		{5A1F5947-2807-4619-BAB0-F814159C0B65}.Debug|x64.Build.0 = Debug|x64
		{5A1F5947-2807-4619-BAB0-F814159C0B65}.Debug|x86.ActiveCfg = Debug|Win32
		{5A1F5947-2807-4619-BAB0-F814159C0B65}.Debug|x86.Build.0 = Debug|Win32
		{5A1F5947-2807-4619-BAB0-F814159C0B65}.Release|x64.ActiveCfg = Release|x64
		{5A1F5947-2807-4619-BAB0-F814159C0B65}.Release|x64.Build.0 = Release|x64
		{5A1F5947-2807-4619-BAB0-F814159C0B65}.Release|x86.ActiveCfg = Release|Win32
		{5A1F5947-2807-4619-BAB0-F814159C0B65}.Release|x86.Build.0 = Release|Win32
		{F015E7CB-A660-40D0-B791-FB3B6B312689}.Debug|x64.ActiveCfg = Debug|x64
		{F015E7CB-A660-40D0-B791-FB3B6B312689}.Debug|x64.Build.0 = Debug|x64
		{F015E7CB-A660-40D0-B791-FB3B6B312689}.Debug|x86.ActiveCfg = Debug|Win32
		{F015E7CB-A660-40D0-B791-FB3B6B312689}.Debug|x86.Build.0 = Debug|Win32
		{F015E7CB-A660-40D0-B791-FB3B6B312689}.Release|x64.ActiveCfg = Release|x64
		{F015E7CB-A660-40D0-B791-FB3B6B312689}.Release|x64.Build.0 = Release|x64
		{F015E7CB-A660-40D0-B791-FB3B6B312689}.Release|x86.ActiveCfg = Release|Win32
		{F015E7CB-A660-40D0-B791-FB3B6B312689}.Release|x86.Build.0 = Release|Win32
		{4DFA5D25-DF6D-435A-96A9-377A4E6EC729}.Debug|x64.ActiveCfg = Debug|x64
		{4DFA5D25-DF6D-435A-96A9-377A4E6EC729}.Debug|x64.Build.0 = Debug|x64
		{4DFA5D25-DF6D-435A-96A9-377A4E6EC729}.Debug|x86.ActiveCfg = Debug|Win32
		{4DFA5D25-DF6D-435A-96A9-377A4E6EC729}.Debug|x86.Build.0 = Debug|Win32
		{4DFA5D25-DF6D-435A-96A9-377A4E6EC729}.Release|x64.ActiveCfg = Release|x64
		{4DFA5D25-DF6D-435A-96A9-377A4E6EC729}.Release|x64.Build.0 = Release|x64
		{4DFA5D25-DF6D-435A-96A9-377A4E6EC729}.Release|x86.ActiveCfg = Release|Win32
		{4DFA5D25-DF6D-435A-96A9-377A4E6EC729}.Release|x86.Build.0 = Release|Win32
		{394621A1-469F-4E3D-8120-12288506ED49}.Debug|x64.ActiveCfg = Debug|x64
		{394621A1-469F-4E3D-8120-12288506ED49}.Debug|x64.Build.0 = Debug|x64
		{394621A1-469F-4E3D-8120-12288506ED49}.Debug|x86.ActiveCfg = Debug|Win32
		{394621A1-469F-4E3D-8120-12288506ED49}.Debug|x86.Build.0 = Debug|Win32
		{394621A1-469F-4E3D-8120-12288506ED49}.Release|x64.ActiveCfg = Release|x64
		{394621A1-469F-4E3D-8120-12288506ED49}.Release|x64.Build.0 = Release|x64
		{394621A1-469F-4E3D-8120-12288506ED49}.Release|x86.ActiveCfg = Release|Win32
		{394621A1-469F-4E3D-8120-12288506ED49}.Release|x86.Build.0 = Release|Win32
		{14F6E55F-8157-4406-87FA-33C9A7A53B1A}.Debug|x64.ActiveCfg = Debug|x64
		{14F6E55F-8157-4406-87FA-33C9A7A53B1A}.Debug|x64.Build.0 = Debug|x64
		{14F6E55F-8157-4406-87FA-33C9A7A53B1A}.Debug|x86.ActiveCfg = Debug|Win32
		{14F6E55F-8157-4406-87FA-33C9A7A53B1A}.Debug|x86.Build.0 = Debug|Win32
		{14F6E55F-8157-4406-87FA-33C9A7A53B1A}.Release|x64.ActiveCfg = Release|x64
		{14F6E55F-8157-4406-87FA-33C9A7A53B1A}.Release|x64.Build.0 = Release|x64
		{14F6E55F-8157-4406-87FA-33C9A7A53B1A}.Release|x86.ActiveCfg = Release|Win32
		{14F6E55F-8157-4406-87FA-33C9A7A53B1A}.Release|x86.Build.0 = Release|Win32
		{FC0BDC33-2586-4632-AC1B-E8C3179CCB4E}.Debug|x64.ActiveCfg = Debug|x64
		{FC0BDC33-2586-4632-AC1B-E8C3179CCB4E}.Debug|x64.Build.0 = Debug|x64
		{FC0BDC33-2586-4632-AC1B-E8C3179CCB4E}.Debug|x86.ActiveCfg = Debug|Win32
		{FC0BDC33-2586-4632-AC1B-E8C3179CCB4E}.Debug|x86.Build.0 = Debug|Win32
		{FC0BDC33-2586-4632-AC1B-E8C3179CCB4E}.Release|x64.ActiveCfg = Release|x64
		{FC0BDC33-2586-4632-AC1B-E8C3179CCB4E}.Release|x64.Build.0 = Release|x64
		{FC0BDC33-2586-4632-AC1B-E8C3179CCB4E}.Release|x86.ActiveCfg = Release|Win32
		{FC0BDC33-2586-4632-AC1B-E8C3179CCB4E}.Release|x86.Build.0 = Release|Win32
		{430ED8D7-1188-4829-B07F-FA7985E7A940}.Debug|x64.ActiveCfg = Debug|x64
		{430ED8D7-1188-4829-B07F-FA7985E7A940}.Debug|x64.Build.0 = Debug|x64
		{430ED8D7-1188-4829-B07F-FA7985E7A940}.Debug|x86.ActiveCfg = Debug|Win32
		{430ED8D7-1188-4829-B07F-FA7985E7A940}.Debug|x86.Build.0 = Debug|Win32
		{430ED8D7-1188-4829-B07F-FA7985E7A940}.Release|x64.ActiveCfg = Release|x64
		{430ED8D7-1188-4829-B07F-FA7985E7A940}.Release|x64.Build.0 = Release|x64
		{430ED8D7-1188-4829-B07F-FA7985E7A940}.Release|x86.ActiveCfg = Release|Win32
		{430ED8D7-1188-4829-B07F-FA7985E7A940}.Release|x86.Build.0 = Release|Win32
		{AAD8F1EB-BE59-48E7-8E19-7CDA97E6586B}.Debug|x64.ActiveCfg = Debug|x64
		{AAD8F1EB-BE59-48E7-8E19-7CDA97E6586B}.Debug|x64.Build.0 = Debug|x64
		{AAD8F1EB-BE59-48E7-8E19-7CDA97E6586B}.Debug|x86.ActiveCfg = Debug|Win32
		{AAD8F1EB-BE59-48E7-8E19-7CDA97E6586B}.Debug|x86.Build.0 = Debug|Win32
		{AAD8F1EB-BE59-48E7-8E19-7CDA97E6586B}.Release|x64.ActiveCfg = Release|x64
		{AAD8F1EB-BE59-48E7-8E19-7CDA97E6586B}.Release|x64.Build.0 = Release|x64
		{AAD8F1EB-BE59-48E7-8E19-7CDA97E6586B}.Release|x86.ActiveCfg = Release|Win32
		{AAD8F1EB-BE59-48E7-8E19-7CDA97E6586B}.Release|x86.Build.0 = Release|Win32
	EndGlobalSection
	GlobalSection(SolutionProperties) = preSolution
		HideSolutionNode = FALSE
	EndGlobalSection
	GlobalSection(ExtensibilityGlobals) = postSolution
		SolutionGuid = {F9DB5012-9BAC-4715-BC3E-82234140BDC6}
	EndGlobalSection
EndGlobal
